
Microsoft Visual Studio Solution File, Format Version 12.00
# Visual Studio Version 17
VisualStudioVersion = 17.7.34202.233
MinimumVisualStudioVersion = 10.0.40219.1
Project("{FAE04EC0-301F-11D3-BF4B-00C04F79EFBC}") = "EInstallment.Api", "EInstallment.Api\EInstallment.Api.csproj", "{7721FEE6-70C6-411F-A9B3-514EC937B925}"
EndProject
Project("{E53339B2-1760-4266-BCC7-CA923CBCF16C}") = "docker-compose", "docker-compose.dcproj", "{8D3D8597-C083-4AF8-8258-EE5A5066C3B2}"
EndProject
Project("{2150E333-8FDC-42A3-9474-1A3956D46DE8}") = "src", "src", "{007208D3-CCA5-405C-BB25-E75E90072D43}"
	ProjectSection(SolutionItems) = preProject
		.editorconfig = .editorconfig
		Directory.Build.props = Directory.Build.props
	EndProjectSection
EndProject
Project("{FAE04EC0-301F-11D3-BF4B-00C04F79EFBC}") = "EInstallment.Domain", "EInstallment.Domain\EInstallment.Domain.csproj", "{3E7FC495-34D6-4B94-91FC-47DF5448EE06}"
EndProject
Project("{2150E333-8FDC-42A3-9474-1A3956D46DE8}") = "方案項目", "方案項目", "{8C2D624F-ECC4-4067-B967-D3183E923621}"
	ProjectSection(SolutionItems) = preProject
		README.md = README.md
	EndProjectSection
EndProject
Global
	GlobalSection(SolutionConfigurationPlatforms) = preSolution
		Debug|Any CPU = Debug|Any CPU
		Release|Any CPU = Release|Any CPU
	EndGlobalSection
	GlobalSection(ProjectConfigurationPlatforms) = postSolution
		{7721FEE6-70C6-411F-A9B3-514EC937B925}.Debug|Any CPU.ActiveCfg = Debug|Any CPU
		{7721FEE6-70C6-411F-A9B3-514EC937B925}.Debug|Any CPU.Build.0 = Debug|Any CPU
		{7721FEE6-70C6-411F-A9B3-514EC937B925}.Release|Any CPU.ActiveCfg = Release|Any CPU
		{7721FEE6-70C6-411F-A9B3-514EC937B925}.Release|Any CPU.Build.0 = Release|Any CPU
		{8D3D8597-C083-4AF8-8258-EE5A5066C3B2}.Debug|Any CPU.ActiveCfg = Debug|Any CPU
		{8D3D8597-C083-4AF8-8258-EE5A5066C3B2}.Debug|Any CPU.Build.0 = Debug|Any CPU
		{8D3D8597-C083-4AF8-8258-EE5A5066C3B2}.Release|Any CPU.ActiveCfg = Release|Any CPU
		{8D3D8597-C083-4AF8-8258-EE5A5066C3B2}.Release|Any CPU.Build.0 = Release|Any CPU
		{3E7FC495-34D6-4B94-91FC-47DF5448EE06}.Debug|Any CPU.ActiveCfg = Debug|Any CPU
		{3E7FC495-34D6-4B94-91FC-47DF5448EE06}.Debug|Any CPU.Build.0 = Debug|Any CPU
		{3E7FC495-34D6-4B94-91FC-47DF5448EE06}.Release|Any CPU.ActiveCfg = Release|Any CPU
		{3E7FC495-34D6-4B94-91FC-47DF5448EE06}.Release|Any CPU.Build.0 = Release|Any CPU
	EndGlobalSection
	GlobalSection(SolutionProperties) = preSolution
		HideSolutionNode = FALSE
	EndGlobalSection
	GlobalSection(NestedProjects) = preSolution
		{7721FEE6-70C6-411F-A9B3-514EC937B925} = {007208D3-CCA5-405C-BB25-E75E90072D43}
		{8D3D8597-C083-4AF8-8258-EE5A5066C3B2} = {007208D3-CCA5-405C-BB25-E75E90072D43}
		{3E7FC495-34D6-4B94-91FC-47DF5448EE06} = {007208D3-CCA5-405C-BB25-E75E90072D43}
	EndGlobalSection
	GlobalSection(ExtensibilityGlobals) = postSolution
		SolutionGuid = {FF5964B8-BBEC-4E66-B706-43C84C49C1BD}
	EndGlobalSection
EndGlobal
